
Microsoft Visual Studio Solution File, Format Version 12.00
# Visual Studio Version 17
VisualStudioVersion = 17.4.33213.308
MinimumVisualStudioVersion = 10.0.40219.1
Project("{2150E333-8FDC-42A3-9474-1A3956D46DE8}") = "Bulding Blocks", "Bulding Blocks", "{2F517F22-0716-469A-B708-CE728096D339}"
EndProject
Project("{2150E333-8FDC-42A3-9474-1A3956D46DE8}") = "Services", "Services", "{C9A73F04-FF6E-484D-A8AA-549EACE5942B}"
EndProject
Project("{2150E333-8FDC-42A3-9474-1A3956D46DE8}") = "Web Apps", "Web Apps", "{09412E2D-F08D-491D-B7FD-BB3027C69FC0}"
EndProject
Project("{2150E333-8FDC-42A3-9474-1A3956D46DE8}") = "src", "src", "{518E12CC-2584-4F80-92A5-29EFE1C30874}"
EndProject
Project("{2150E333-8FDC-42A3-9474-1A3956D46DE8}") = "Core", "Core", "{DDC192AD-A948-48FE-8C73-EB93437ACBB5}"
EndProject
Project("{2150E333-8FDC-42A3-9474-1A3956D46DE8}") = "Autenticacao", "Autenticacao", "{1F85E306-3A5D-4EDB-AA3A-255FB668DD72}"
EndProject
Project("{2150E333-8FDC-42A3-9474-1A3956D46DE8}") = "Carrinho", "Carrinho", "{C17C495E-3808-4B72-9AFA-700B89295376}"
EndProject
Project("{2150E333-8FDC-42A3-9474-1A3956D46DE8}") = "Catalogo", "Catalogo", "{BDF76544-3C1E-4B0B-961A-DA457D10A34B}"
EndProject
Project("{2150E333-8FDC-42A3-9474-1A3956D46DE8}") = "Cliente", "Cliente", "{A442848F-1011-4D5B-B375-1C2BFDD2BABE}"
EndProject
Project("{2150E333-8FDC-42A3-9474-1A3956D46DE8}") = "Pagamento", "Pagamento", "{7F9697C2-3F0E-41AB-B554-0B1B30092C16}"
EndProject
Project("{2150E333-8FDC-42A3-9474-1A3956D46DE8}") = "Pedido", "Pedido", "{2DDEFBEE-699E-49A9-80CE-596D7C80496E}"
EndProject
Project("{FAE04EC0-301F-11D3-BF4B-00C04F79EFBC}") = "NSE.Core", "src\Bulding Blocks\NSE.Core\NSE.Core.csproj", "{7615912B-C6DB-4500-B8C1-CE53BBEE34F1}"
EndProject
Project("{FAE04EC0-301F-11D3-BF4B-00C04F79EFBC}") = "NSE.Autenticacao.API", "src\Services\NSE.Autenticacao.API\NSE.Autenticacao.API.csproj", "{483BF444-5CA3-45A0-A522-FCA33C03B713}"
EndProject
Project("{FAE04EC0-301F-11D3-BF4B-00C04F79EFBC}") = "NSE.Carrinho.API", "src\Services\NSE.Carrinho.API\NSE.Carrinho.API.csproj", "{D41BEB73-B07E-42AA-A942-87A73BAF9770}"
EndProject
Project("{FAE04EC0-301F-11D3-BF4B-00C04F79EFBC}") = "NSE.Catalog.API", "src\Services\NSE.Catalog.API\NSE.Catalog.API.csproj", "{DE6B72F4-D2BD-4CB8-A0B1-FBBD02BAA148}"
EndProject
Project("{FAE04EC0-301F-11D3-BF4B-00C04F79EFBC}") = "NSE.Cliente.API", "src\Services\NSE.Cliente.API\NSE.Cliente.API.csproj", "{9256FCA0-78B7-4760-A81E-82564CBF68A8}"
EndProject
Project("{FAE04EC0-301F-11D3-BF4B-00C04F79EFBC}") = "NSE.Pagamento.API", "src\Services\NSE.Pagamento.API\NSE.Pagamento.API.csproj", "{5C56ACB0-F15A-4558-AC74-C0BEBCA386D7}"
EndProject
Project("{FAE04EC0-301F-11D3-BF4B-00C04F79EFBC}") = "NSE.Pedido.API", "src\Services\NSE.Pedido.API\NSE.Pedido.API.csproj", "{E89BF649-EBFD-41AC-859D-1202CC087D99}"
EndProject
Project("{2150E333-8FDC-42A3-9474-1A3956D46DE8}") = "MVC", "MVC", "{CAF63619-43C0-4192-BB4B-D5E861297FD4}"
EndProject
Project("{FAE04EC0-301F-11D3-BF4B-00C04F79EFBC}") = "NSE.WebApp.MVC", "src\Web Apps\NSE.WebApp.MVC\NSE.WebApp.MVC.csproj", "{D7AB4E65-5B7D-4510-9015-38A263ED1D7F}"
EndProject
Global
	GlobalSection(SolutionConfigurationPlatforms) = preSolution
		Debug|Any CPU = Debug|Any CPU
		Release|Any CPU = Release|Any CPU
	EndGlobalSection
	GlobalSection(ProjectConfigurationPlatforms) = postSolution
		{7615912B-C6DB-4500-B8C1-CE53BBEE34F1}.Debug|Any CPU.ActiveCfg = Debug|Any CPU
		{7615912B-C6DB-4500-B8C1-CE53BBEE34F1}.Debug|Any CPU.Build.0 = Debug|Any CPU
		{7615912B-C6DB-4500-B8C1-CE53BBEE34F1}.Release|Any CPU.ActiveCfg = Release|Any CPU
		{7615912B-C6DB-4500-B8C1-CE53BBEE34F1}.Release|Any CPU.Build.0 = Release|Any CPU
		{483BF444-5CA3-45A0-A522-FCA33C03B713}.Debug|Any CPU.ActiveCfg = Debug|Any CPU
		{483BF444-5CA3-45A0-A522-FCA33C03B713}.Debug|Any CPU.Build.0 = Debug|Any CPU
		{483BF444-5CA3-45A0-A522-FCA33C03B713}.Release|Any CPU.ActiveCfg = Release|Any CPU
		{483BF444-5CA3-45A0-A522-FCA33C03B713}.Release|Any CPU.Build.0 = Release|Any CPU
		{D41BEB73-B07E-42AA-A942-87A73BAF9770}.Debug|Any CPU.ActiveCfg = Debug|Any CPU
		{D41BEB73-B07E-42AA-A942-87A73BAF9770}.Debug|Any CPU.Build.0 = Debug|Any CPU
		{D41BEB73-B07E-42AA-A942-87A73BAF9770}.Release|Any CPU.ActiveCfg = Release|Any CPU
		{D41BEB73-B07E-42AA-A942-87A73BAF9770}.Release|Any CPU.Build.0 = Release|Any CPU
		{DE6B72F4-D2BD-4CB8-A0B1-FBBD02BAA148}.Debug|Any CPU.ActiveCfg = Debug|Any CPU
		{DE6B72F4-D2BD-4CB8-A0B1-FBBD02BAA148}.Debug|Any CPU.Build.0 = Debug|Any CPU
		{DE6B72F4-D2BD-4CB8-A0B1-FBBD02BAA148}.Release|Any CPU.ActiveCfg = Release|Any CPU
		{DE6B72F4-D2BD-4CB8-A0B1-FBBD02BAA148}.Release|Any CPU.Build.0 = Release|Any CPU
		{9256FCA0-78B7-4760-A81E-82564CBF68A8}.Debug|Any CPU.ActiveCfg = Debug|Any CPU
		{9256FCA0-78B7-4760-A81E-82564CBF68A8}.Debug|Any CPU.Build.0 = Debug|Any CPU
		{9256FCA0-78B7-4760-A81E-82564CBF68A8}.Release|Any CPU.ActiveCfg = Release|Any CPU
		{9256FCA0-78B7-4760-A81E-82564CBF68A8}.Release|Any CPU.Build.0 = Release|Any CPU
		{5C56ACB0-F15A-4558-AC74-C0BEBCA386D7}.Debug|Any CPU.ActiveCfg = Debug|Any CPU
		{5C56ACB0-F15A-4558-AC74-C0BEBCA386D7}.Debug|Any CPU.Build.0 = Debug|Any CPU
		{5C56ACB0-F15A-4558-AC74-C0BEBCA386D7}.Release|Any CPU.ActiveCfg = Release|Any CPU
		{5C56ACB0-F15A-4558-AC74-C0BEBCA386D7}.Release|Any CPU.Build.0 = Release|Any CPU
		{E89BF649-EBFD-41AC-859D-1202CC087D99}.Debug|Any CPU.ActiveCfg = Debug|Any CPU
		{E89BF649-EBFD-41AC-859D-1202CC087D99}.Debug|Any CPU.Build.0 = Debug|Any CPU
		{E89BF649-EBFD-41AC-859D-1202CC087D99}.Release|Any CPU.ActiveCfg = Release|Any CPU
		{E89BF649-EBFD-41AC-859D-1202CC087D99}.Release|Any CPU.Build.0 = Release|Any CPU
		{D7AB4E65-5B7D-4510-9015-38A263ED1D7F}.Debug|Any CPU.ActiveCfg = Debug|Any CPU
		{D7AB4E65-5B7D-4510-9015-38A263ED1D7F}.Debug|Any CPU.Build.0 = Debug|Any CPU
		{D7AB4E65-5B7D-4510-9015-38A263ED1D7F}.Release|Any CPU.ActiveCfg = Release|Any CPU
		{D7AB4E65-5B7D-4510-9015-38A263ED1D7F}.Release|Any CPU.Build.0 = Release|Any CPU
	EndGlobalSection
	GlobalSection(SolutionProperties) = preSolution
		HideSolutionNode = FALSE
	EndGlobalSection
	GlobalSection(NestedProjects) = preSolution
		{2F517F22-0716-469A-B708-CE728096D339} = {518E12CC-2584-4F80-92A5-29EFE1C30874}
		{C9A73F04-FF6E-484D-A8AA-549EACE5942B} = {518E12CC-2584-4F80-92A5-29EFE1C30874}
		{09412E2D-F08D-491D-B7FD-BB3027C69FC0} = {518E12CC-2584-4F80-92A5-29EFE1C30874}
		{DDC192AD-A948-48FE-8C73-EB93437ACBB5} = {2F517F22-0716-469A-B708-CE728096D339}
		{1F85E306-3A5D-4EDB-AA3A-255FB668DD72} = {C9A73F04-FF6E-484D-A8AA-549EACE5942B}
		{C17C495E-3808-4B72-9AFA-700B89295376} = {C9A73F04-FF6E-484D-A8AA-549EACE5942B}
		{BDF76544-3C1E-4B0B-961A-DA457D10A34B} = {C9A73F04-FF6E-484D-A8AA-549EACE5942B}
		{A442848F-1011-4D5B-B375-1C2BFDD2BABE} = {C9A73F04-FF6E-484D-A8AA-549EACE5942B}
		{7F9697C2-3F0E-41AB-B554-0B1B30092C16} = {C9A73F04-FF6E-484D-A8AA-549EACE5942B}
		{2DDEFBEE-699E-49A9-80CE-596D7C80496E} = {C9A73F04-FF6E-484D-A8AA-549EACE5942B}
		{7615912B-C6DB-4500-B8C1-CE53BBEE34F1} = {DDC192AD-A948-48FE-8C73-EB93437ACBB5}
		{483BF444-5CA3-45A0-A522-FCA33C03B713} = {1F85E306-3A5D-4EDB-AA3A-255FB668DD72}
		{D41BEB73-B07E-42AA-A942-87A73BAF9770} = {C17C495E-3808-4B72-9AFA-700B89295376}
		{DE6B72F4-D2BD-4CB8-A0B1-FBBD02BAA148} = {BDF76544-3C1E-4B0B-961A-DA457D10A34B}
		{9256FCA0-78B7-4760-A81E-82564CBF68A8} = {A442848F-1011-4D5B-B375-1C2BFDD2BABE}
		{5C56ACB0-F15A-4558-AC74-C0BEBCA386D7} = {7F9697C2-3F0E-41AB-B554-0B1B30092C16}
		{E89BF649-EBFD-41AC-859D-1202CC087D99} = {2DDEFBEE-699E-49A9-80CE-596D7C80496E}
		{CAF63619-43C0-4192-BB4B-D5E861297FD4} = {09412E2D-F08D-491D-B7FD-BB3027C69FC0}
		{D7AB4E65-5B7D-4510-9015-38A263ED1D7F} = {CAF63619-43C0-4192-BB4B-D5E861297FD4}
	EndGlobalSection
	GlobalSection(ExtensibilityGlobals) = postSolution
		SolutionGuid = {CAAD1168-F701-464B-BABF-DB6BB37687D5}
	EndGlobalSection
EndGlobal
